PODS:
  - Expecta (1.0.5)
  - LMArrayChangeSets (1.0.1)
  - Specta (1.0.5)

DEPENDENCIES:
  - Expecta
  - LMArrayChangeSets (from `../`)
  - Specta

EXTERNAL SOURCES:
  LMArrayChangeSets:
    :path: ../

SPEC CHECKSUMS:
  Expecta: e1c022fcd33910b6be89c291d2775b3fe27a89fe
  LMArrayChangeSets: 68c4505c182420318f82cc8901bd5cd2b23f8477
  Specta: ac94d110b865115fe60ff2c6d7281053c6f8e8a2

PODFILE CHECKSUM: abbf937ae8bdfddde9917bdc490be1c5d09ae61e

COCOAPODS: 1.2.0.beta.3
